
Microsoft Visual Studio Solution File, Format Version 12.00
# Visual Studio Version 17
VisualStudioVersion = 17.10.34607.79
MinimumVisualStudioVersion = 10.0.40219.1
Project("{FAE04EC0-301F-11D3-BF4B-00C04F79EFBC}") = "AULA - SPYWARE", "AULA - SPYWARE\AULA - SPYWARE.csproj", "{E17CDA21-1AD6-436F-8CEC-376F963DDD3F}"
EndProject
Global
	GlobalSection(SolutionConfigurationPlatforms) = preSolution
		Debug|Any CPU = Debug|Any CPU
		Release|Any CPU = Release|Any CPU
	EndGlobalSection
	GlobalSection(ProjectConfigurationPlatforms) = postSolution
		{E17CDA21-1AD6-436F-8CEC-376F963DDD3F}.Debug|Any CPU.ActiveCfg = Debug|Any CPU
		{E17CDA21-1AD6-436F-8CEC-376F963DDD3F}.Debug|Any CPU.Build.0 = Debug|Any CPU
		{E17CDA21-1AD6-436F-8CEC-376F963DDD3F}.Release|Any CPU.ActiveCfg = Release|Any CPU
		{E17CDA21-1AD6-436F-8CEC-376F963DDD3F}.Release|Any CPU.Build.0 = Release|Any CPU
	EndGlobalSection
	GlobalSection(SolutionProperties) = preSolution
		HideSolutionNode = FALSE
	EndGlobalSection
	GlobalSection(ExtensibilityGlobals) = postSolution
		SolutionGuid = {046FC9E2-6C0D-4F91-A5BE-CDB40B20821E}
	EndGlobalSection
EndGlobal
